// !$*UTF8*$!
{
	archiveVersion = 1;
	classes = {
	};
	objectVersion = 48;
	objects = {

/* Begin PBXBuildFile section */
		647971FC1F6A3021009514CF /* AppDelegate.swift in Sources */ = {isa = PBXBuildFile; fileRef = 647971FB1F6A3021009514CF /* AppDelegate.swift */; };
		647971FE1F6A3021009514CF /* CameraVC.swift in Sources */ = {isa = PBXBuildFile; fileRef = 647971FD1F6A3021009514CF /* CameraVC.swift */; };
		647972011F6A3021009514CF /* Main.storyboard in Resources */ = {isa = PBXBuildFile; fileRef = 647971FF1F6A3021009514CF /* Main.storyboard */; };
		647972031F6A3021009514CF /* Assets.xcassets in Resources */ = {isa = PBXBuildFile; fileRef = 647972021F6A3021009514CF /* Assets.xcassets */; };
		647972061F6A3021009514CF /* LaunchScreen.storyboard in Resources */ = {isa = PBXBuildFile; fileRef = 647972041F6A3021009514CF /* LaunchScreen.storyboard */; };
		647972101F6A588E009514CF /* Inceptionv3.mlmodel in Sources */ = {isa = PBXBuildFile; fileRef = 6479720F1F6A588A009514CF /* Inceptionv3.mlmodel */; };
		647972121F6A612A009514CF /* FrameExtractor.swift in Sources */ = {isa = PBXBuildFile; fileRef = 647972111F6A612A009514CF /* FrameExtractor.swift */; };
		647972141F6A7CCB009514CF /* ArdetectVC.swift in Sources */ = {isa = PBXBuildFile; fileRef = 647972131F6A7CCB009514CF /* ArdetectVC.swift */; };
/* End PBXBuildFile section */

/* Begin PBXFileReference section */
		647971F81F6A3021009514CF /* See Object.app */ = {isa = PBXFileReference; explicitFileType = wrapper.application; includeInIndex = 0; path = "See Object.app"; sourceTree = BUILT_PRODUCTS_DIR; };
		647971FB1F6A3021009514CF /* AppDelegate.swift */ = {isa = PBXFileReference; lastKnownFileType = sourcecode.swift; path = AppDelegate.swift; sourceTree = "<group>"; };
		647971FD1F6A3021009514CF /* CameraVC.swift */ = {isa = PBXFileReference; lastKnownFileType = sourcecode.swift; path = CameraVC.swift; sourceTree = "<group>"; };
		647972001F6A3021009514CF /* Base */ = {isa = PBXFileReference; lastKnownFileType = file.storyboard; name = Base; path = Base.lproj/Main.storyboard; sourceTree = "<group>"; };
		647972021F6A3021009514CF /* Assets.xcassets */ = {isa = PBXFileReference; lastKnownFileType = folder.assetcatalog; path = Assets.xcassets; sourceTree = "<group>"; };
		647972051F6A3021009514CF /* Base */ = {isa = PBXFileReference; lastKnownFileType = file.storyboard; name = Base; path = Base.lproj/LaunchScreen.storyboard; sourceTree = "<group>"; };
		647972071F6A3021009514CF /* Info.plist */ = {isa = PBXFileReference; lastKnownFileType = text.plist.xml; path = Info.plist; sourceTree = "<group>"; };
		6479720F1F6A588A009514CF /* Inceptionv3.mlmodel */ = {isa = PBXFileReference; lastKnownFileType = file.mlmodel; path = Inceptionv3.mlmodel; sourceTree = "<group>"; };
		647972111F6A612A009514CF /* FrameExtractor.swift */ = {isa = PBXFileReference; lastKnownFileType = sourcecode.swift; path = FrameExtractor.swift; sourceTree = "<group>"; };
		647972131F6A7CCB009514CF /* ArdetectVC.swift */ = {isa = PBXFileReference; lastKnownFileType = sourcecode.swift; path = ArdetectVC.swift; sourceTree = "<group>"; };
/* End PBXFileReference section */

/* Begin PBXFrameworksBuildPhase section */
		647971F51F6A3021009514CF /* Frameworks */ = {
			isa = PBXFrameworksBuildPhase;
			buildActionMask = 2147483647;
			files = (
			);
			runOnlyForDeploymentPostprocessing = 0;
		};
/* End PBXFrameworksBuildPhase section */

/* Begin PBXGroup section */
		647971EF1F6A3021009514CF = {
			isa = PBXGroup;
			children = (
				647971FA1F6A3021009514CF /* See Object */,
				647971F91F6A3021009514CF /* Products */,
			);
			sourceTree = "<group>";
		};
		647971F91F6A3021009514CF /* Products */ = {
			isa = PBXGroup;
			children = (
				647971F81F6A3021009514CF /* See Object.app */,
			);
			name = Products;
			sourceTree = "<group>";
		};
		647971FA1F6A3021009514CF /* See Object */ = {
			isa = PBXGroup;
			children = (
				6479720E1F6A31D5009514CF /* Resource */,
				6479720D1F6A318E009514CF /* Controller */,
				647971FB1F6A3021009514CF /* AppDelegate.swift */,
				647971FF1F6A3021009514CF /* Main.storyboard */,
				647972021F6A3021009514CF /* Assets.xcassets */,
				647972041F6A3021009514CF /* LaunchScreen.storyboard */,
				647972071F6A3021009514CF /* Info.plist */,
			);
			path = "See Object";
			sourceTree = "<group>";
		};
		6479720D1F6A318E009514CF /* Controller */ = {
			isa = PBXGroup;
			children = (
				647971FD1F6A3021009514CF /* CameraVC.swift */,
				647972111F6A612A009514CF /* FrameExtractor.swift */,
				647972131F6A7CCB009514CF /* ArdetectVC.swift */,
			);
			path = Controller;
			sourceTree = "<group>";
		};
		6479720E1F6A31D5009514CF /* Resource */ = {
			isa = PBXGroup;
			children = (
				6479720F1F6A588A009514CF /* Inceptionv3.mlmodel */,
			);
			path = Resource;
			sourceTree = "<group>";
		};
/* End PBXGroup section */

/* Begin PBXNativeTarget section */
		647971F71F6A3021009514CF /* See Object */ = {
			isa = PBXNativeTarget;
			buildConfigurationList = 6479720A1F6A3021009514CF /* Build configuration list for PBXNativeTarget "See Object" */;
			buildPhases = (
				647971F41F6A3021009514CF /* Sources */,
				647971F51F6A3021009514CF /* Frameworks */,
				647971F61F6A3021009514CF /* Resources */,
			);
			buildRules = (
			);
			dependencies = (
			);
			name = "See Object";
			productName = "See Object";
			productReference = 647971F81F6A3021009514CF /* See Object.app */;
			productType = "com.apple.product-type.application";
		};
/* End PBXNativeTarget section */

/* Begin PBXProject section */
		647971F01F6A3021009514CF /* Project object */ = {
			isa = PBXProject;
			attributes = {
				LastSwiftUpdateCheck = 0900;
				LastUpgradeCheck = 0900;
				ORGANIZATIONNAME = "kitiwat chanluthin";
				TargetAttributes = {
					647971F71F6A3021009514CF = {
						CreatedOnToolsVersion = 9.0;
						ProvisioningStyle = Automatic;
					};
				};
			};
			buildConfigurationList = 647971F31F6A3021009514CF /* Build configuration list for PBXProject "See Object" */;
			compatibilityVersion = "Xcode 8.0";
			developmentRegion = en;
			hasScannedForEncodings = 0;
			knownRegions = (
				en,
				Base,
			);
			mainGroup = 647971EF1F6A3021009514CF;
			productRefGroup = 647971F91F6A3021009514CF /* Products */;
			projectDirPath = "";
			projectRoot = "";
			targets = (
				647971F71F6A3021009514CF /* See Object */,
			);
		};
/* End PBXProject section */

/* Begin PBXResourcesBuildPhase section */
		647971F61F6A3021009514CF /* Resources */ = {
			isa = PBXResourcesBuildPhase;
			buildActionMask = 2147483647;
			files = (
				647972061F6A3021009514CF /* LaunchScreen.storyboard in Resources */,
				647972031F6A3021009514CF /* Assets.xcassets in Resources */,
				647972011F6A3021009514CF /* Main.storyboard in Resources */,
			);
			runOnlyForDeploymentPostprocessing = 0;
		};
/* End PBXResourcesBuildPhase section */

/* Begin PBXSourcesBuildPhase section */
		647971F41F6A3021009514CF /* Sources */ = {
			isa = PBXSourcesBuildPhase;
			buildActionMask = 2147483647;
			files = (
				647971FE1F6A3021009514CF /* CameraVC.swift in Sources */,
				647972101F6A588E009514CF /* Inceptionv3.mlmodel in Sources */,
				647972121F6A612A009514CF /* FrameExtractor.swift in Sources */,
				647971FC1F6A3021009514CF /* AppDelegate.swift in Sources */,
				647972141F6A7CCB009514CF /* ArdetectVC.swift in Sources */,
			);
			runOnlyForDeploymentPostprocessing = 0;
		};
/* End PBXSourcesBuildPhase section */

/* Begin PBXVariantGroup section */
		647971FF1F6A3021009514CF /* Main.storyboard */ = {
			isa = PBXVariantGroup;
			children = (
				647972001F6A3021009514CF /* Base */,
			);
			name = Main.storyboard;
			sourceTree = "<group>";
		};
		647972041F6A3021009514CF /* LaunchScreen.storyboard */ = {
			isa = PBXVariantGroup;
			children = (
				647972051F6A3021009514CF /* Base */,
			);
			name = LaunchScreen.storyboard;
			sourceTree = "<group>";
		};
/* End PBXVariantGroup section */

/* Begin XCBuildConfiguration section */
		647972081F6A3021009514CF /* Debug */ = {
			isa = XCBuildConfiguration;
			buildSettings = {
				ALWAYS_SEARCH_USER_PATHS = NO;
				CLANG_ANALYZER_NONNULL = YES;
				CLANG_ANALYZER_NUMBER_OBJECT_CONVERSION = YES_AGGRESSIVE;
				CLANG_CXX_LANGUAGE_STANDARD = "gnu++14";
				CLANG_CXX_LIBRARY = "libc++";
				CLANG_ENABLE_MODULES = YES;
				CLANG_ENABLE_OBJC_ARC = YES;
				CLANG_WARN_BLOCK_CAPTURE_AUTORELEASING = YES;
				CLANG_WARN_BOOL_CONVERSION = YES;
				CLANG_WARN_COMMA = YES;
				CLANG_WARN_CONSTANT_CONVERSION = YES;
				CLANG_WARN_DIRECT_OBJC_ISA_USAGE = YES_ERROR;
				CLANG_WARN_DOCUMENTATION_COMMENTS = YES;
				CLANG_WARN_EMPTY_BODY = YES;
				CLANG_WARN_ENUM_CONVERSION = YES;
				CLANG_WARN_INFINITE_RECURSION = YES;
				CLANG_WARN_INT_CONVERSION = YES;
				CLANG_WARN_NON_LITERAL_NULL_CONVERSION = YES;
				CLANG_WARN_OBJC_LITERAL_CONVERSION = YES;
				CLANG_WARN_OBJC_ROOT_CLASS = YES_ERROR;
				CLANG_WARN_RANGE_LOOP_ANALYSIS = YES;
				CLANG_WARN_STRICT_PROTOTYPES = YES;
				CLANG_WARN_SUSPICIOUS_MOVE = YES;
				CLANG_WARN_UNGUARDED_AVAILABILITY = YES_AGGRESSIVE;
				CLANG_WARN_UNREACHABLE_CODE = YES;
				CLANG_WARN__DUPLICATE_METHOD_MATCH = YES;
				CODE_SIGN_IDENTITY = "iPhone Developer";
				COPY_PHASE_STRIP = NO;
				DEBUG_INFORMATION_FORMAT = dwarf;
				ENABLE_STRICT_OBJC_MSGSEND = YES;
				ENABLE_TESTABILITY = YES;
				GCC_C_LANGUAGE_STANDARD = gnu11;
				GCC_DYNAMIC_NO_PIC = NO;
				GCC_NO_COMMON_BLOCKS = YES;
				GCC_OPTIMIZATION_LEVEL = 0;
				GCC_PREPROCESSOR_DEFINITIONS = (
					"DEBUG=1",
					"$(inherited)",
				);
				GCC_WARN_64_TO_32_BIT_CONVERSION = YES;
				GCC_WARN_ABOUT_RETURN_TYPE = YES_ERROR;
				GCC_WARN_UNDECLARED_SELECTOR = YES;
				GCC_WARN_UNINITIALIZED_AUTOS = YES_AGGRESSIVE;
				GCC_WARN_UNUSED_FUNCTION = YES;
				GCC_WARN_UNUSED_VARIABLE = YES;
				IPHONEOS_DEPLOYMENT_TARGET = 11.0;
				MTL_ENABLE_DEBUG_INFO = YES;
				ONLY_ACTIVE_ARCH = YES;
				SDKROOT = iphoneos;
				SWIFT_ACTIVE_COMPILATION_CONDITIONS = DEBUG;
				SWIFT_OPTIMIZATION_LEVEL = "-Onone";
			};
			name = Debug;
		};
		647972091F6A3021009514CF /* Release */ = {
			isa = XCBuildConfiguration;
			buildSettings = {
				ALWAYS_SEARCH_USER_PATHS = NO;
				CLANG_ANALYZER_NONNULL = YES;
				CLANG_ANALYZER_NUMBER_OBJECT_CONVERSION = YES_AGGRESSIVE;
				CLANG_CXX_LANGUAGE_STANDARD = "gnu++14";
				CLANG_CXX_LIBRARY = "libc++";
				CLANG_ENABLE_MODULES = YES;
				CLANG_ENABLE_OBJC_ARC = YES;
				CLANG_WARN_BLOCK_CAPTURE_AUTORELEASING = YES;
				CLANG_WARN_BOOL_CONVERSION = YES;
				CLANG_WARN_COMMA = YES;
				CLANG_WARN_CONSTANT_CONVERSION = YES;
				CLANG_WARN_DIRECT_OBJC_ISA_USAGE = YES_ERROR;
				CLANG_WARN_DOCUMENTATION_COMMENTS = YES;
				CLANG_WARN_EMPTY_BODY = YES;
				CLANG_WARN_ENUM_CONVERSION = YES;
				CLANG_WARN_INFINITE_RECURSION = YES;
				CLANG_WARN_INT_CONVERSION = YES;
				CLANG_WARN_NON_LITERAL_NULL_CONVERSION = YES;
				CLANG_WARN_OBJC_LITERAL_CONVERSION = YES;
				CLANG_WARN_OBJC_ROOT_CLASS = YES_ERROR;
				CLANG_WARN_RANGE_LOOP_ANALYSIS = YES;
				CLANG_WARN_STRICT_PROTOTYPES = YES;
				CLANG_WARN_SUSPICIOUS_MOVE = YES;
				CLANG_WARN_UNGUARDED_AVAILABILITY = YES_AGGRESSIVE;
				CLANG_WARN_UNREACHABLE_CODE = YES;
				CLANG_WARN__DUPLICATE_METHOD_MATCH = YES;
				CODE_SIGN_IDENTITY = "iPhone Developer";
				COPY_PHASE_STRIP = NO;
				DEBUG_INFORMATION_FORMAT = "dwarf-with-dsym";
				ENABLE_NS_ASSERTIONS = NO;
				ENABLE_STRICT_OBJC_MSGSEND = YES;
				GCC_C_LANGUAGE_STANDARD = gnu11;
				GCC_NO_COMMON_BLOCKS = YES;
				GCC_WARN_64_TO_32_BIT_CONVERSION = YES;
				GCC_WARN_ABOUT_RETURN_TYPE = YES_ERROR;
				GCC_WARN_UNDECLARED_SELECTOR = YES;
				GCC_WARN_UNINITIALIZED_AUTOS = YES_AGGRESSIVE;
				GCC_WARN_UNUSED_FUNCTION = YES;
				GCC_WARN_UNUSED_VARIABLE = YES;
				IPHONEOS_DEPLOYMENT_TARGET = 11.0;
				MTL_ENABLE_DEBUG_INFO = NO;
				SDKROOT = iphoneos;
				SWIFT_OPTIMIZATION_LEVEL = "-Owholemodule";
				VALIDATE_PRODUCT = YES;
			};
			name = Release;
		};
		6479720B1F6A3021009514CF /* Debug */ = {
			isa = XCBuildConfiguration;
			buildSettings = {
				ASSETCATALOG_COMPILER_APPICON_NAME = AppIcon;
				CODE_SIGN_STYLE = Automatic;
				DEVELOPMENT_TEAM = TRJ9QY3S8S;
				INFOPLIST_FILE = "See Object/Info.plist";
				LD_RUNPATH_SEARCH_PATHS = "$(inherited) @executable_path/Frameworks";
				PRODUCT_BUNDLE_IDENTIFIER = "aure.SeeObjectaure.See-Object";
				PRODUCT_NAME = "$(TARGET_NAME)";
				SWIFT_VERSION = 4.0;
				TARGETED_DEVICE_FAMILY = "1,2";
			};
			name = Debug;
		};
		6479720C1F6A3021009514CF /* Release */ = {
			isa = XCBuildConfiguration;
			buildSettings = {
				ASSETCATALOG_COMPILER_APPICON_NAME = AppIcon;
				CODE_SIGN_STYLE = Automatic;
				DEVELOPMENT_TEAM = TRJ9QY3S8S;
				INFOPLIST_FILE = "See Object/Info.plist";
				LD_RUNPATH_SEARCH_PATHS = "$(inherited) @executable_path/Frameworks";
				PRODUCT_BUNDLE_IDENTIFIER = "aure.SeeObjectaure.See-Object";
				PRODUCT_NAME = "$(TARGET_NAME)";
				SWIFT_VERSION = 4.0;
				TARGETED_DEVICE_FAMILY = "1,2";
			};
			name = Release;
		};
/* End XCBuildConfiguration section */

/* Begin XCConfigurationList section */
		647971F31F6A3021009514CF /* Build configuration list for PBXProject "See Object" */ = {
			isa = XCConfigurationList;
			buildConfigurations = (
				647972081F6A3021009514CF /* Debug */,
				647972091F6A3021009514CF /* Release */,
			);
			defaultConfigurationIsVisible = 0;
			defaultConfigurationName = Release;
		};
		6479720A1F6A3021009514CF /* Build configuration list for PBXNativeTarget "See Object" */ = {
			isa = XCConfigurationList;
			buildConfigurations = (
				6479720B1F6A3021009514CF /* Debug */,
				6479720C1F6A3021009514CF /* Release */,
			);
			defaultConfigurationIsVisible = 0;
			defaultConfigurationName = Release;
		};
/* End XCConfigurationList section */
	};
	rootObject = 647971F01F6A3021009514CF /* Project object */;
}
